{
  "name": "gmail-llm-gcal",
  "version": "1.0.0",
  "lockfileVersion": 3,
  "requires": true,
  "packages": {
    "": {
      "name": "gmail-llm-gcal",
      "version": "1.0.0",
      "license": "ISC",
      "dependencies": {
        "ollama": "^0.6.3",
        "zod": "^4.3.6",
        "zod-to-json-schema": "^3.25.1"
      }
    },
    "node_modules/ollama": {
      "version": "0.6.3",
      "resolved": "https://registry.npmjs.org/ollama/-/ollama-0.6.3.tgz",
      "integrity": "sha512-KEWEhIqE5wtfzEIZbDCLH51VFZ6Z3ZSa6sIOg/E/tBV8S51flyqBOXi+bRxlOYKDf8i327zG9eSTb8IJxvm3Zg==",
      "license": "MIT",
      "dependencies": {
        "whatwg-fetch": "^3.6.20"
      }
    },
    "node_modules/whatwg-fetch": {
      "version": "3.6.20",
      "resolved": "https://registry.npmjs.org/whatwg-fetch/-/whatwg-fetch-3.6.20.tgz",
      "integrity": "sha512-EqhiFU6daOA8kpjOWTL0olhVOF3i7OrFzSYiGsEMB8GcXS+RrzauAERX65xMeNWVqxA6HXH2m69Z9LaKKdisfg==",
      "license": "MIT"
    },
    "node_modules/zod": {
      "version": "4.3.6",
      "resolved": "https://registry.npmjs.org/zod/-/zod-4.3.6.tgz",
      "integrity": "sha512-rftlrkhHZOcjDwkGlnUtZZkvaPHCsDATp4pGpuOOMDaTdDDXF91wuVDJoWoPsKX/3YPQ5fHuF3STjcYyKr+Qhg==",
      "license": "MIT",
      "funding": {
        "url": "https://github.com/sponsors/colinhacks"
      }
    },
    "node_modules/zod-to-json-schema": {
      "version": "3.25.1",
      "resolved": "https://registry.npmjs.org/zod-to-json-schema/-/zod-to-json-schema-3.25.1.tgz",
      "integrity": "sha512-pM/SU9d3YAggzi6MtR4h7ruuQlqKtad8e9S0fmxcMi+ueAK5Korys/aWcV9LIIHTVbj01NdzxcnXSN+O74ZIVA==",
      "license": "ISC",
      "peerDependencies": {
        "zod": "^3.25 || ^4"
      }
    }
  }
}
